
Microsoft Visual Studio Solution File, Format Version 12.00
# Visual Studio 15
VisualStudioVersion = 15.0.28010.2046
MinimumVisualStudioVersion = 10.0.40219.1
Project("{9A19103F-16F7-4668-BE54-9A1E7A4F7556}") = "razorpages", "razorpages.csproj", "{CA9CC188-0FA9-46A2-AAC6-87E7FBD50E38}"
EndProject
Global
	GlobalSection(SolutionConfigurationPlatforms) = preSolution
		Debug|Any CPU = Debug|Any CPU
		Release|Any CPU = Release|Any CPU
	EndGlobalSection
	GlobalSection(ProjectConfigurationPlatforms) = postSolution
		{CA9CC188-0FA9-46A2-AAC6-87E7FBD50E38}.Debug|Any CPU.ActiveCfg = Debug|Any CPU
		{CA9CC188-0FA9-46A2-AAC6-87E7FBD50E38}.Debug|Any CPU.Build.0 = Debug|Any CPU
		{CA9CC188-0FA9-46A2-AAC6-87E7FBD50E38}.Release|Any CPU.ActiveCfg = Release|Any CPU
		{CA9CC188-0FA9-46A2-AAC6-87E7FBD50E38}.Release|Any CPU.Build.0 = Release|Any CPU
	EndGlobalSection
	GlobalSection(SolutionProperties) = preSolution
		HideSolutionNode = FALSE
	EndGlobalSection
	GlobalSection(ExtensibilityGlobals) = postSolution
		SolutionGuid = {12466003-25EC-4B26-A38C-EBF18E6D9500}
	EndGlobalSection
EndGlobal
